// !$*UTF8*$!
{
	archiveVersion = 1;
	classes = {
	};
	objectVersion = 51;
	objects = {

/* Begin PBXBuildFile section */
		402FC728269AC5290059C690 /* HomeTop.png in Resources */ = {isa = PBXBuildFile; fileRef = 402FC6F6269AC5280059C690 /* HomeTop.png */; };
		402FC729269AC5290059C690 /* HomeBottom.png in Resources */ = {isa = PBXBuildFile; fileRef = 402FC6F7269AC5280059C690 /* HomeBottom.png */; };
		402FC72A269AC5290059C690 /* HomeBox.png in Resources */ = {isa = PBXBuildFile; fileRef = 402FC6F8269AC5280059C690 /* HomeBox.png */; };
		402FC72B269AC5290059C690 /* HomeProfile.png in Resources */ = {isa = PBXBuildFile; fileRef = 402FC6F9269AC5280059C690 /* HomeProfile.png */; };
		402FC72C269AC5290059C690 /* HomeImage.png in Resources */ = {isa = PBXBuildFile; fileRef = 402FC6FA269AC5280059C690 /* HomeImage.png */; };
		402FC72D269AC5290059C690 /* restoDetail.png in Resources */ = {isa = PBXBuildFile; fileRef = 402FC6FC269AC5280059C690 /* restoDetail.png */; };
		402FC72E269AC5290059C690 /* restoline.png in Resources */ = {isa = PBXBuildFile; fileRef = 402FC6FD269AC5280059C690 /* restoline.png */; };
		402FC72F269AC5290059C690 /* bgRestoList.png in Resources */ = {isa = PBXBuildFile; fileRef = 402FC6FE269AC5280059C690 /* bgRestoList.png */; };
		402FC730269AC5290059C690 /* mcd.png in Resources */ = {isa = PBXBuildFile; fileRef = 402FC6FF269AC5280059C690 /* mcd.png */; };
		402FC731269AC5290059C690 /* restolist.png in Resources */ = {isa = PBXBuildFile; fileRef = 402FC700269AC5280059C690 /* restolist.png */; };
		402FC732269AC5290059C690 /* restobullet.png in Resources */ = {isa = PBXBuildFile; fileRef = 402FC701269AC5280059C690 /* restobullet.png */; };
		402FC733269AC5290059C690 /* restoimage.png in Resources */ = {isa = PBXBuildFile; fileRef = 402FC702269AC5280059C690 /* restoimage.png */; };
		402FC734269AC5290059C690 /* Rectangle 65.png in Resources */ = {isa = PBXBuildFile; fileRef = 402FC703269AC5280059C690 /* Rectangle 65.png */; };
		402FC735269AC5290059C690 /* home.png in Resources */ = {isa = PBXBuildFile; fileRef = 402FC705269AC5280059C690 /* home.png */; };
		402FC736269AC5290059C690 /* list.png in Resources */ = {isa = PBXBuildFile; fileRef = 402FC706269AC5280059C690 /* list.png */; };
		402FC737269AC5290059C690 /* profile.png in Resources */ = {isa = PBXBuildFile; fileRef = 402FC707269AC5280059C690 /* profile.png */; };
		402FC738269AC5290059C690 /* list1.png in Resources */ = {isa = PBXBuildFile; fileRef = 402FC708269AC5280059C690 /* list1.png */; };
		402FC739269AC5290059C690 /* home1.png in Resources */ = {isa = PBXBuildFile; fileRef = 402FC709269AC5280059C690 /* home1.png */; };
		402FC73A269AC5290059C690 /* profile1.png in Resources */ = {isa = PBXBuildFile; fileRef = 402FC70A269AC5280059C690 /* profile1.png */; };
		402FC73B269AC5290059C690 /* BackgroundLaunch.png in Resources */ = {isa = PBXBuildFile; fileRef = 402FC70B269AC5280059C690 /* BackgroundLaunch.png */; };
		402FC73C269AC5290059C690 /* Profile-header.png in Resources */ = {isa = PBXBuildFile; fileRef = 402FC70D269AC5280059C690 /* Profile-header.png */; };
		402FC73D269AC5290059C690 /* 1024.png in Resources */ = {isa = PBXBuildFile; fileRef = 402FC70F269AC5280059C690 /* 1024.png */; };
		402FC73E269AC5290059C690 /* 60.png in Resources */ = {isa = PBXBuildFile; fileRef = 402FC710269AC5280059C690 /* 60.png */; };
		402FC73F269AC5290059C690 /* 58.png in Resources */ = {isa = PBXBuildFile; fileRef = 402FC711269AC5280059C690 /* 58.png */; };
		402FC740269AC5290059C690 /* 120.png in Resources */ = {isa = PBXBuildFile; fileRef = 402FC712269AC5280059C690 /* 120.png */; };
		402FC741269AC5290059C690 /* 180.png in Resources */ = {isa = PBXBuildFile; fileRef = 402FC713269AC5280059C690 /* 180.png */; };
		402FC742269AC5290059C690 /* 80.png in Resources */ = {isa = PBXBuildFile; fileRef = 402FC714269AC5280059C690 /* 80.png */; };
		402FC743269AC5290059C690 /* 40.png in Resources */ = {isa = PBXBuildFile; fileRef = 402FC715269AC5280059C690 /* 40.png */; };
		402FC744269AC5290059C690 /* 87.png in Resources */ = {isa = PBXBuildFile; fileRef = 402FC716269AC5280059C690 /* 87.png */; };
		402FC745269AC5290059C690 /* Logo.png in Resources */ = {isa = PBXBuildFile; fileRef = 402FC717269AC5280059C690 /* Logo.png */; };
		402FC746269AC5290059C690 /* bgHistory.png in Resources */ = {isa = PBXBuildFile; fileRef = 402FC719269AC5280059C690 /* bgHistory.png */; };
		402FC747269AC5290059C690 /* Btn-Green.png in Resources */ = {isa = PBXBuildFile; fileRef = 402FC71A269AC5280059C690 /* Btn-Green.png */; };
		402FC748269AC5290059C690 /* bgQRCode.png in Resources */ = {isa = PBXBuildFile; fileRef = 402FC71C269AC5280059C690 /* bgQRCode.png */; };
		402FC749269AC5290059C690 /* btn-purple.png in Resources */ = {isa = PBXBuildFile; fileRef = 402FC71D269AC5280059C690 /* btn-purple.png */; };
		402FC74A269AC5290059C690 /* backarrow.png in Resources */ = {isa = PBXBuildFile; fileRef = 402FC71E269AC5280059C690 /* backarrow.png */; };
		402FC74B269AC5290059C690 /* profile-red.png in Resources */ = {isa = PBXBuildFile; fileRef = 402FC71F269AC5280059C690 /* profile-red.png */; };
		402FC74C269AC5290059C690 /* Login OR.png in Resources */ = {isa = PBXBuildFile; fileRef = 402FC721269AC5280059C690 /* Login OR.png */; };
		402FC74D269AC5290059C690 /* HeaderLogin.png in Resources */ = {isa = PBXBuildFile; fileRef = 402FC722269AC5280059C690 /* HeaderLogin.png */; };
		402FC74E269AC5290059C690 /* LoginButton.png in Resources */ = {isa = PBXBuildFile; fileRef = 402FC723269AC5280059C690 /* LoginButton.png */; };
		402FC74F269AC5290059C690 /* LineTextField.png in Resources */ = {isa = PBXBuildFile; fileRef = 402FC724269AC5280059C690 /* LineTextField.png */; };
		402FC750269AC5290059C690 /* LoginScreen.png in Resources */ = {isa = PBXBuildFile; fileRef = 402FC725269AC5280059C690 /* LoginScreen.png */; };
		402FC751269AC5290059C690 /* Rectangle 23.png in Resources */ = {isa = PBXBuildFile; fileRef = 402FC726269AC5280059C690 /* Rectangle 23.png */; };
		402FC752269AC5290059C690 /* Rectangle 23-2.png in Resources */ = {isa = PBXBuildFile; fileRef = 402FC727269AC5280059C690 /* Rectangle 23-2.png */; };
		402FC754269ACB130059C690 /* rating.png in Resources */ = {isa = PBXBuildFile; fileRef = 402FC753269ACB120059C690 /* rating.png */; };
		402FC756269AD0C10059C690 /* ProfileViewController.swift in Sources */ = {isa = PBXBuildFile; fileRef = 402FC755269AD0C10059C690 /* ProfileViewController.swift */; };
		402FC758269AD0D30059C690 /* ScanQRViewController.swift in Sources */ = {isa = PBXBuildFile; fileRef = 402FC757269AD0D30059C690 /* ScanQRViewController.swift */; };
		402FC75A269AD0E60059C690 /* MapsViewController.swift in Sources */ = {isa = PBXBuildFile; fileRef = 402FC759269AD0E60059C690 /* MapsViewController.swift */; };
		402FC75C269AD1000059C690 /* SupportRestoViewController.swift in Sources */ = {isa = PBXBuildFile; fileRef = 402FC75B269AD1000059C690 /* SupportRestoViewController.swift */; };
		402FC75E269AD4990059C690 /* camlogo.png in Resources */ = {isa = PBXBuildFile; fileRef = 402FC75D269AD4980059C690 /* camlogo.png */; };
		40908449269AE390000AD135 /* kfc.png in Resources */ = {isa = PBXBuildFile; fileRef = 40908448269AE390000AD135 /* kfc.png */; };
		4090844B269AE48A000AD135 /* sbux.png in Resources */ = {isa = PBXBuildFile; fileRef = 4090844A269AE489000AD135 /* sbux.png */; };
		4090844D269AE607000AD135 /* Maps2ViewController.swift in Sources */ = {isa = PBXBuildFile; fileRef = 4090844C269AE607000AD135 /* Maps2ViewController.swift */; };
		4090844F269AE611000AD135 /* Maps3ViewController.swift in Sources */ = {isa = PBXBuildFile; fileRef = 4090844E269AE611000AD135 /* Maps3ViewController.swift */; };
		40AD80812698612500529979 /* AppDelegate.swift in Sources */ = {isa = PBXBuildFile; fileRef = 40AD80802698612500529979 /* AppDelegate.swift */; };
		40AD80832698612500529979 /* SceneDelegate.swift in Sources */ = {isa = PBXBuildFile; fileRef = 40AD80822698612500529979 /* SceneDelegate.swift */; };
		40AD80852698612500529979 /* ViewController.swift in Sources */ = {isa = PBXBuildFile; fileRef = 40AD80842698612500529979 /* ViewController.swift */; };
		40AD80882698612500529979 /* Main.storyboard in Resources */ = {isa = PBXBuildFile; fileRef = 40AD80862698612500529979 /* Main.storyboard */; };
		40AD808D2698612600529979 /* Assets.xcassets in Resources */ = {isa = PBXBuildFile; fileRef = 40AD808C2698612600529979 /* Assets.xcassets */; };
		40AD80902698612600529979 /* LaunchScreen.storyboard in Resources */ = {isa = PBXBuildFile; fileRef = 40AD808E2698612600529979 /* LaunchScreen.storyboard */; };
		40AD80F526987FC300529979 /* LoginViewController.swift in Sources */ = {isa = PBXBuildFile; fileRef = 40AD80F426987FC300529979 /* LoginViewController.swift */; };
		40AD80F726987FE600529979 /* SignUpViewController.swift in Sources */ = {isa = PBXBuildFile; fileRef = 40AD80F626987FE600529979 /* SignUpViewController.swift */; };
		40AD80FB2698851800529979 /* GoogleService-Info.plist in Resources */ = {isa = PBXBuildFile; fileRef = 40AD80FA2698851800529979 /* GoogleService-Info.plist */; };
		40AD81042698921900529979 /* HomeViewController.swift in Sources */ = {isa = PBXBuildFile; fileRef = 40AD81032698921900529979 /* HomeViewController.swift */; };
		CDF7FC3306C0D15ED6DA9E7A /* Pods_Monday.framework in Frameworks */ = {isa = PBXBuildFile; fileRef = EDFFF4AEFD2EA86DAAFE8DD9 /* Pods_Monday.framework */; };
/* End PBXBuildFile section */

/* Begin PBXFileReference section */
		037A6A416B8E3A7F4C9280EA /* Pods-Monday.debug.xcconfig */ = {isa = PBXFileReference; includeInIndex = 1; lastKnownFileType = text.xcconfig; name = "Pods-Monday.debug.xcconfig"; path = "Target Support Files/Pods-Monday/Pods-Monday.debug.xcconfig"; sourceTree = "<group>"; };
		402F277F2698A2680010EE77 /* GoogleService-Info.plist */ = {isa = PBXFileReference; fileEncoding = 4; lastKnownFileType = text.plist.xml; name = "GoogleService-Info.plist"; path = "../../../Downloads/GoogleService-Info.plist"; sourceTree = "<group>"; };
		402FC6F6269AC5280059C690 /* HomeTop.png */ = {isa = PBXFileReference; lastKnownFileType = image.png; path = HomeTop.png; sourceTree = "<group>"; };
		402FC6F7269AC5280059C690 /* HomeBottom.png */ = {isa = PBXFileReference; lastKnownFileType = image.png; path = HomeBottom.png; sourceTree = "<group>"; };
		402FC6F8269AC5280059C690 /* HomeBox.png */ = {isa = PBXFileReference; lastKnownFileType = image.png; path = HomeBox.png; sourceTree = "<group>"; };
		402FC6F9269AC5280059C690 /* HomeProfile.png */ = {isa = PBXFileReference; lastKnownFileType = image.png; path = HomeProfile.png; sourceTree = "<group>"; };
		402FC6FA269AC5280059C690 /* HomeImage.png */ = {isa = PBXFileReference; lastKnownFileType = image.png; path = HomeImage.png; sourceTree = "<group>"; };
		402FC6FC269AC5280059C690 /* restoDetail.png */ = {isa = PBXFileReference; lastKnownFileType = image.png; path = restoDetail.png; sourceTree = "<group>"; };
		402FC6FD269AC5280059C690 /* restoline.png */ = {isa = PBXFileReference; lastKnownFileType = image.png; path = restoline.png; sourceTree = "<group>"; };
		402FC6FE269AC5280059C690 /* bgRestoList.png */ = {isa = PBXFileReference; lastKnownFileType = image.png; path = bgRestoList.png; sourceTree = "<group>"; };
		402FC6FF269AC5280059C690 /* mcd.png */ = {isa = PBXFileReference; lastKnownFileType = image.png; path = mcd.png; sourceTree = "<group>"; };
		402FC700269AC5280059C690 /* restolist.png */ = {isa = PBXFileReference; lastKnownFileType = image.png; path = restolist.png; sourceTree = "<group>"; };
		402FC701269AC5280059C690 /* restobullet.png */ = {isa = PBXFileReference; lastKnownFileType = image.png; path = restobullet.png; sourceTree = "<group>"; };
		402FC702269AC5280059C690 /* restoimage.png */ = {isa = PBXFileReference; lastKnownFileType = image.png; path = restoimage.png; sourceTree = "<group>"; };
		402FC703269AC5280059C690 /* Rectangle 65.png */ = {isa = PBXFileReference; lastKnownFileType = image.png; path = "Rectangle 65.png"; sourceTree = "<group>"; };
		402FC705269AC5280059C690 /* home.png */ = {isa = PBXFileReference; lastKnownFileType = image.png; path = home.png; sourceTree = "<group>"; };
		402FC706269AC5280059C690 /* list.png */ = {isa = PBXFileReference; lastKnownFileType = image.png; path = list.png; sourceTree = "<group>"; };
		402FC707269AC5280059C690 /* profile.png */ = {isa = PBXFileReference; lastKnownFileType = image.png; path = profile.png; sourceTree = "<group>"; };
		402FC708269AC5280059C690 /* list1.png */ = {isa = PBXFileReference; lastKnownFileType = image.png; path = list1.png; sourceTree = "<group>"; };
		402FC709269AC5280059C690 /* home1.png */ = {isa = PBXFileReference; lastKnownFileType = image.png; path = home1.png; sourceTree = "<group>"; };
		402FC70A269AC5280059C690 /* profile1.png */ = {isa = PBXFileReference; lastKnownFileType = image.png; path = profile1.png; sourceTree = "<group>"; };
		402FC70B269AC5280059C690 /* BackgroundLaunch.png */ = {isa = PBXFileReference; lastKnownFileType = image.png; path = BackgroundLaunch.png; sourceTree = "<group>"; };
		402FC70D269AC5280059C690 /* Profile-header.png */ = {isa = PBXFileReference; lastKnownFileType = image.png; path = "Profile-header.png"; sourceTree = "<group>"; };
		402FC70F269AC5280059C690 /* 1024.png */ = {isa = PBXFileReference; lastKnownFileType = image.png; path = 1024.png; sourceTree = "<group>"; };
		402FC710269AC5280059C690 /* 60.png */ = {isa = PBXFileReference; lastKnownFileType = image.png; path = 60.png; sourceTree = "<group>"; };
		402FC711269AC5280059C690 /* 58.png */ = {isa = PBXFileReference; lastKnownFileType = image.png; path = 58.png; sourceTree = "<group>"; };
		402FC712269AC5280059C690 /* 120.png */ = {isa = PBXFileReference; lastKnownFileType = image.png; path = 120.png; sourceTree = "<group>"; };
		402FC713269AC5280059C690 /* 180.png */ = {isa = PBXFileReference; lastKnownFileType = image.png; path = 180.png; sourceTree = "<group>"; };
		402FC714269AC5280059C690 /* 80.png */ = {isa = PBXFileReference; lastKnownFileType = image.png; path = 80.png; sourceTree = "<group>"; };
		402FC715269AC5280059C690 /* 40.png */ = {isa = PBXFileReference; lastKnownFileType = image.png; path = 40.png; sourceTree = "<group>"; };
		402FC716269AC5280059C690 /* 87.png */ = {isa = PBXFileReference; lastKnownFileType = image.png; path = 87.png; sourceTree = "<group>"; };
		402FC717269AC5280059C690 /* Logo.png */ = {isa = PBXFileReference; lastKnownFileType = image.png; path = Logo.png; sourceTree = "<group>"; };
		402FC719269AC5280059C690 /* bgHistory.png */ = {isa = PBXFileReference; lastKnownFileType = image.png; path = bgHistory.png; sourceTree = "<group>"; };
		402FC71A269AC5280059C690 /* Btn-Green.png */ = {isa = PBXFileReference; lastKnownFileType = image.png; path = "Btn-Green.png"; sourceTree = "<group>"; };
		402FC71C269AC5280059C690 /* bgQRCode.png */ = {isa = PBXFileReference; lastKnownFileType = image.png; path = bgQRCode.png; sourceTree = "<group>"; };
		402FC71D269AC5280059C690 /* btn-purple.png */ = {isa = PBXFileReference; lastKnownFileType = image.png; path = "btn-purple.png"; sourceTree = "<group>"; };
		402FC71E269AC5280059C690 /* backarrow.png */ = {isa = PBXFileReference; lastKnownFileType = image.png; path = backarrow.png; sourceTree = "<group>"; };
		402FC71F269AC5280059C690 /* profile-red.png */ = {isa = PBXFileReference; lastKnownFileType = image.png; path = "profile-red.png"; sourceTree = "<group>"; };
		402FC721269AC5280059C690 /* Login OR.png */ = {isa = PBXFileReference; lastKnownFileType = image.png; path = "Login OR.png"; sourceTree = "<group>"; };
		402FC722269AC5280059C690 /* HeaderLogin.png */ = {isa = PBXFileReference; lastKnownFileType = image.png; path = HeaderLogin.png; sourceTree = "<group>"; };
		402FC723269AC5280059C690 /* LoginButton.png */ = {isa = PBXFileReference; lastKnownFileType = image.png; path = LoginButton.png; sourceTree = "<group>"; };
		402FC724269AC5280059C690 /* LineTextField.png */ = {isa = PBXFileReference; lastKnownFileType = image.png; path = LineTextField.png; sourceTree = "<group>"; };
		402FC725269AC5280059C690 /* LoginScreen.png */ = {isa = PBXFileReference; lastKnownFileType = image.png; path = LoginScreen.png; sourceTree = "<group>"; };
		402FC726269AC5280059C690 /* Rectangle 23.png */ = {isa = PBXFileReference; lastKnownFileType = image.png; path = "Rectangle 23.png"; sourceTree = "<group>"; };
		402FC727269AC5280059C690 /* Rectangle 23-2.png */ = {isa = PBXFileReference; lastKnownFileType = image.png; path = "Rectangle 23-2.png"; sourceTree = "<group>"; };
		402FC753269ACB120059C690 /* rating.png */ = {isa = PBXFileReference; lastKnownFileType = image.png; path = rating.png; sourceTree = "<group>"; };
		402FC755269AD0C10059C690 /* ProfileViewController.swift */ = {isa = PBXFileReference; lastKnownFileType = sourcecode.swift; path = ProfileViewController.swift; sourceTree = "<group>"; };
		402FC757269AD0D30059C690 /* ScanQRViewController.swift */ = {isa = PBXFileReference; lastKnownFileType = sourcecode.swift; path = ScanQRViewController.swift; sourceTree = "<group>"; };
		402FC759269AD0E60059C690 /* MapsViewController.swift */ = {isa = PBXFileReference; lastKnownFileType = sourcecode.swift; path = MapsViewController.swift; sourceTree = "<group>"; };
		402FC75B269AD1000059C690 /* SupportRestoViewController.swift */ = {isa = PBXFileReference; lastKnownFileType = sourcecode.swift; path = SupportRestoViewController.swift; sourceTree = "<group>"; };
		402FC75D269AD4980059C690 /* camlogo.png */ = {isa = PBXFileReference; lastKnownFileType = image.png; path = camlogo.png; sourceTree = "<group>"; };
		40908448269AE390000AD135 /* kfc.png */ = {isa = PBXFileReference; lastKnownFileType = image.png; path = kfc.png; sourceTree = "<group>"; };
		4090844A269AE489000AD135 /* sbux.png */ = {isa = PBXFileReference; lastKnownFileType = image.png; path = sbux.png; sourceTree = "<group>"; };
		4090844C269AE607000AD135 /* Maps2ViewController.swift */ = {isa = PBXFileReference; lastKnownFileType = sourcecode.swift; path = Maps2ViewController.swift; sourceTree = "<group>"; };
		4090844E269AE611000AD135 /* Maps3ViewController.swift */ = {isa = PBXFileReference; lastKnownFileType = sourcecode.swift; path = Maps3ViewController.swift; sourceTree = "<group>"; };
		40AD807D2698612500529979 /* Monday.app */ = {isa = PBXFileReference; explicitFileType = wrapper.application; includeInIndex = 0; path = Monday.app; sourceTree = BUILT_PRODUCTS_DIR; };
		40AD80802698612500529979 /* AppDelegate.swift */ = {isa = PBXFileReference; lastKnownFileType = sourcecode.swift; path = AppDelegate.swift; sourceTree = "<group>"; };
		40AD80822698612500529979 /* SceneDelegate.swift */ = {isa = PBXFileReference; lastKnownFileType = sourcecode.swift; path = SceneDelegate.swift; sourceTree = "<group>"; };
		40AD80842698612500529979 /* ViewController.swift */ = {isa = PBXFileReference; lastKnownFileType = sourcecode.swift; path = ViewController.swift; sourceTree = "<group>"; };
		40AD80872698612500529979 /* Base */ = {isa = PBXFileReference; lastKnownFileType = file.storyboard; name = Base; path = Base.lproj/Main.storyboard; sourceTree = "<group>"; };
		40AD808C2698612600529979 /* Assets.xcassets */ = {isa = PBXFileReference; lastKnownFileType = folder.assetcatalog; path = Assets.xcassets; sourceTree = "<group>"; };
		40AD808F2698612600529979 /* Base */ = {isa = PBXFileReference; lastKnownFileType = file.storyboard; name = Base; path = Base.lproj/LaunchScreen.storyboard; sourceTree = "<group>"; };
		40AD80912698612600529979 /* Info.plist */ = {isa = PBXFileReference; lastKnownFileType = text.plist.xml; path = Info.plist; sourceTree = "<group>"; };
		40AD80F426987FC300529979 /* LoginViewController.swift */ = {isa = PBXFileReference; lastKnownFileType = sourcecode.swift; path = LoginViewController.swift; sourceTree = "<group>"; };
		40AD80F626987FE600529979 /* SignUpViewController.swift */ = {isa = PBXFileReference; lastKnownFileType = sourcecode.swift; path = SignUpViewController.swift; sourceTree = "<group>"; };
		40AD80FA2698851800529979 /* GoogleService-Info.plist */ = {isa = PBXFileReference; fileEncoding = 4; lastKnownFileType = text.plist.xml; name = "GoogleService-Info.plist"; path = "../../Downloads/GoogleService-Info.plist"; sourceTree = "<group>"; };
		40AD81032698921900529979 /* HomeViewController.swift */ = {isa = PBXFileReference; lastKnownFileType = sourcecode.swift; path = HomeViewController.swift; sourceTree = "<group>"; };
		75AFF8494D1D7D31FC658AF2 /* Pods-Monday.release.xcconfig */ = {isa = PBXFileReference; includeInIndex = 1; lastKnownFileType = text.xcconfig; name = "Pods-Monday.release.xcconfig"; path = "Target Support Files/Pods-Monday/Pods-Monday.release.xcconfig"; sourceTree = "<group>"; };
		EDFFF4AEFD2EA86DAAFE8DD9 /* Pods_Monday.framework */ = {isa = PBXFileReference; explicitFileType = wrapper.framework; includeInIndex = 0; path = Pods_Monday.framework; sourceTree = BUILT_PRODUCTS_DIR; };
/* End PBXFileReference section */

/* Begin PBXFrameworksBuildPhase section */
		40AD807A2698612500529979 /* Frameworks */ = {
			isa = PBXFrameworksBuildPhase;
			buildActionMask = 2147483647;
			files = (
				CDF7FC3306C0D15ED6DA9E7A /* Pods_Monday.framework in Frameworks */,
			);
			runOnlyForDeploymentPostprocessing = 0;
		};
/* End PBXFrameworksBuildPhase section */

/* Begin PBXGroup section */
		402FC6F4269AC5280059C690 /* Assets Monday */ = {
			isa = PBXGroup;
			children = (
				402FC6F5269AC5280059C690 /* Home */,
				402FC6FB269AC5280059C690 /* Restaurant */,
				402FC703269AC5280059C690 /* Rectangle 65.png */,
				402FC704269AC5280059C690 /* Tabbar */,
				402FC70B269AC5280059C690 /* BackgroundLaunch.png */,
				402FC70C269AC5280059C690 /* Profile */,
				402FC70E269AC5280059C690 /* Logo */,
				402FC717269AC5280059C690 /* Logo.png */,
				402FC718269AC5280059C690 /* History */,
				402FC71A269AC5280059C690 /* Btn-Green.png */,
				402FC71B269AC5280059C690 /* ScanQR */,
				402FC71D269AC5280059C690 /* btn-purple.png */,
				402FC71E269AC5280059C690 /* backarrow.png */,
				402FC71F269AC5280059C690 /* profile-red.png */,
				402FC720269AC5280059C690 /* Login */,
			);
			path = "Assets Monday";
			sourceTree = SOURCE_ROOT;
		};
		402FC6F5269AC5280059C690 /* Home */ = {
			isa = PBXGroup;
			children = (
				402FC6F6269AC5280059C690 /* HomeTop.png */,
				402FC6F7269AC5280059C690 /* HomeBottom.png */,
				402FC6F8269AC5280059C690 /* HomeBox.png */,
				402FC6F9269AC5280059C690 /* HomeProfile.png */,
				402FC6FA269AC5280059C690 /* HomeImage.png */,
			);
			path = Home;
			sourceTree = "<group>";
		};
		402FC6FB269AC5280059C690 /* Restaurant */ = {
			isa = PBXGroup;
			children = (
				4090844A269AE489000AD135 /* sbux.png */,
				40908448269AE390000AD135 /* kfc.png */,
				402FC753269ACB120059C690 /* rating.png */,
				402FC6FC269AC5280059C690 /* restoDetail.png */,
				402FC6FD269AC5280059C690 /* restoline.png */,
				402FC6FE269AC5280059C690 /* bgRestoList.png */,
				402FC6FF269AC5280059C690 /* mcd.png */,
				402FC700269AC5280059C690 /* restolist.png */,
				402FC701269AC5280059C690 /* restobullet.png */,
				402FC702269AC5280059C690 /* restoimage.png */,
			);
			path = Restaurant;
			sourceTree = "<group>";
		};
		402FC704269AC5280059C690 /* Tabbar */ = {
			isa = PBXGroup;
			children = (
				402FC705269AC5280059C690 /* home.png */,
				402FC706269AC5280059C690 /* list.png */,
				402FC707269AC5280059C690 /* profile.png */,
				402FC708269AC5280059C690 /* list1.png */,
				402FC709269AC5280059C690 /* home1.png */,
				402FC70A269AC5280059C690 /* profile1.png */,
			);
			path = Tabbar;
			sourceTree = "<group>";
		};
		402FC70C269AC5280059C690 /* Profile */ = {
			isa = PBXGroup;
			children = (
				402FC75D269AD4980059C690 /* camlogo.png */,
				402FC70D269AC5280059C690 /* Profile-header.png */,
			);
			path = Profile;
			sourceTree = "<group>";
		};
		402FC70E269AC5280059C690 /* Logo */ = {
			isa = PBXGroup;
			children = (
				402FC70F269AC5280059C690 /* 1024.png */,
				402FC710269AC5280059C690 /* 60.png */,
				402FC711269AC5280059C690 /* 58.png */,
				402FC712269AC5280059C690 /* 120.png */,
				402FC713269AC5280059C690 /* 180.png */,
				402FC714269AC5280059C690 /* 80.png */,
				402FC715269AC5280059C690 /* 40.png */,
				402FC716269AC5280059C690 /* 87.png */,
			);
			path = Logo;
			sourceTree = "<group>";
		};
		402FC718269AC5280059C690 /* History */ = {
			isa = PBXGroup;
			children = (
				402FC719269AC5280059C690 /* bgHistory.png */,
			);
			path = History;
			sourceTree = "<group>";
		};
		402FC71B269AC5280059C690 /* ScanQR */ = {
			isa = PBXGroup;
			children = (
				402FC71C269AC5280059C690 /* bgQRCode.png */,
			);
			path = ScanQR;
			sourceTree = "<group>";
		};
		402FC720269AC5280059C690 /* Login */ = {
			isa = PBXGroup;
			children = (
				402FC721269AC5280059C690 /* Login OR.png */,
				402FC722269AC5280059C690 /* HeaderLogin.png */,
				402FC723269AC5280059C690 /* LoginButton.png */,
				402FC724269AC5280059C690 /* LineTextField.png */,
				402FC725269AC5280059C690 /* LoginScreen.png */,
				402FC726269AC5280059C690 /* Rectangle 23.png */,
				402FC727269AC5280059C690 /* Rectangle 23-2.png */,
			);
			path = Login;
			sourceTree = "<group>";
		};
		40AD80742698612500529979 = {
			isa = PBXGroup;
			children = (
				40AD807F2698612500529979 /* Monday */,
				40AD807E2698612500529979 /* Products */,
				41C5020DE4C46FC7D07F0401 /* Pods */,
				72BED6401333E01A9F3C5114 /* Frameworks */,
			);
			sourceTree = "<group>";
		};
		40AD807E2698612500529979 /* Products */ = {
			isa = PBXGroup;
			children = (
				40AD807D2698612500529979 /* Monday.app */,
			);
			name = Products;
			sourceTree = "<group>";
		};
		40AD807F2698612500529979 /* Monday */ = {
			isa = PBXGroup;
			children = (
				40AD80802698612500529979 /* AppDelegate.swift */,
				40AD80822698612500529979 /* SceneDelegate.swift */,
				40AD80842698612500529979 /* ViewController.swift */,
				40AD80F426987FC300529979 /* LoginViewController.swift */,
				40AD80F626987FE600529979 /* SignUpViewController.swift */,
				40AD81032698921900529979 /* HomeViewController.swift */,
				402FC75B269AD1000059C690 /* SupportRestoViewController.swift */,
				402FC757269AD0D30059C690 /* ScanQRViewController.swift */,
				402FC759269AD0E60059C690 /* MapsViewController.swift */,
				4090844C269AE607000AD135 /* Maps2ViewController.swift */,
				4090844E269AE611000AD135 /* Maps3ViewController.swift */,
				402FC755269AD0C10059C690 /* ProfileViewController.swift */,
				40AD80862698612500529979 /* Main.storyboard */,
				40AD808C2698612600529979 /* Assets.xcassets */,
				402FC6F4269AC5280059C690 /* Assets Monday */,
				40AD808E2698612600529979 /* LaunchScreen.storyboard */,
				40AD80912698612600529979 /* Info.plist */,
				402F277F2698A2680010EE77 /* GoogleService-Info.plist */,
			);
			path = Monday;
			sourceTree = "<group>";
		};
		41C5020DE4C46FC7D07F0401 /* Pods */ = {
			isa = PBXGroup;
			children = (
				037A6A416B8E3A7F4C9280EA /* Pods-Monday.debug.xcconfig */,
				75AFF8494D1D7D31FC658AF2 /* Pods-Monday.release.xcconfig */,
			);
			path = Pods;
			sourceTree = "<group>";
		};
		72BED6401333E01A9F3C5114 /* Frameworks */ = {
			isa = PBXGroup;
			children = (
				40AD80FA2698851800529979 /* GoogleService-Info.plist */,
				EDFFF4AEFD2EA86DAAFE8DD9 /* Pods_Monday.framework */,
			);
			name = Frameworks;
			sourceTree = "<group>";
		};
/* End PBXGroup section */

/* Begin PBXNativeTarget section */
		40AD807C2698612500529979 /* Monday */ = {
			isa = PBXNativeTarget;
			buildConfigurationList = 40AD80942698612600529979 /* Build configuration list for PBXNativeTarget "Monday" */;
			buildPhases = (
				C9281ED2220D13387AB99D76 /* [CP] Check Pods Manifest.lock */,
				40AD80792698612500529979 /* Sources */,
				40AD807A2698612500529979 /* Frameworks */,
				40AD807B2698612500529979 /* Resources */,
				22D0BDB2346F5A6F689E2316 /* [CP] Embed Pods Frameworks */,
				24134C3BDE34B1409FD58D3A /* [CP] Copy Pods Resources */,
			);
			buildRules = (
			);
			dependencies = (
			);
			name = Monday;
			productName = Monday;
			productReference = 40AD807D2698612500529979 /* Monday.app */;
			productType = "com.apple.product-type.application";
		};
/* End PBXNativeTarget section */

/* Begin PBXProject section */
		40AD80752698612500529979 /* Project object */ = {
			isa = PBXProject;
			attributes = {
				LastSwiftUpdateCheck = 1250;
				LastUpgradeCheck = 1250;
				TargetAttributes = {
					40AD807C2698612500529979 = {
						CreatedOnToolsVersion = 12.5;
					};
				};
			};
			buildConfigurationList = 40AD80782698612500529979 /* Build configuration list for PBXProject "Monday" */;
			compatibilityVersion = "Xcode 9.3";
			developmentRegion = en;
			hasScannedForEncodings = 0;
			knownRegions = (
				en,
				Base,
			);
			mainGroup = 40AD80742698612500529979;
			productRefGroup = 40AD807E2698612500529979 /* Products */;
			projectDirPath = "";
			projectRoot = "";
			targets = (
				40AD807C2698612500529979 /* Monday */,
			);
		};
/* End PBXProject section */

/* Begin PBXResourcesBuildPhase section */
		40AD807B2698612500529979 /* Resources */ = {
			isa = PBXResourcesBuildPhase;
			buildActionMask = 2147483647;
			files = (
				40908449269AE390000AD135 /* kfc.png in Resources */,
				402FC73D269AC5290059C690 /* 1024.png in Resources */,
				402FC742269AC5290059C690 /* 80.png in Resources */,
				402FC73B269AC5290059C690 /* BackgroundLaunch.png in Resources */,
				402FC72C269AC5290059C690 /* HomeImage.png in Resources */,
				402FC73E269AC5290059C690 /* 60.png in Resources */,
				402FC741269AC5290059C690 /* 180.png in Resources */,
				402FC731269AC5290059C690 /* restolist.png in Resources */,
				402FC733269AC5290059C690 /* restoimage.png in Resources */,
				402FC72F269AC5290059C690 /* bgRestoList.png in Resources */,
				402FC73F269AC5290059C690 /* 58.png in Resources */,
				4090844B269AE48A000AD135 /* sbux.png in Resources */,
				402FC749269AC5290059C690 /* btn-purple.png in Resources */,
				402FC74E269AC5290059C690 /* LoginButton.png in Resources */,
				402FC751269AC5290059C690 /* Rectangle 23.png in Resources */,
				402FC72E269AC5290059C690 /* restoline.png in Resources */,
				402FC754269ACB130059C690 /* rating.png in Resources */,
				402FC743269AC5290059C690 /* 40.png in Resources */,
				402FC72A269AC5290059C690 /* HomeBox.png in Resources */,
				40AD80FB2698851800529979 /* GoogleService-Info.plist in Resources */,
				402FC74B269AC5290059C690 /* profile-red.png in Resources */,
				40AD80902698612600529979 /* LaunchScreen.storyboard in Resources */,
				402FC74D269AC5290059C690 /* HeaderLogin.png in Resources */,
				402FC739269AC5290059C690 /* home1.png in Resources */,
				402FC748269AC5290059C690 /* bgQRCode.png in Resources */,
				402FC750269AC5290059C690 /* LoginScreen.png in Resources */,
				402FC744269AC5290059C690 /* 87.png in Resources */,
				402FC73A269AC5290059C690 /* profile1.png in Resources */,
				402FC74A269AC5290059C690 /* backarrow.png in Resources */,
				402FC732269AC5290059C690 /* restobullet.png in Resources */,
				402FC730269AC5290059C690 /* mcd.png in Resources */,
				40AD808D2698612600529979 /* Assets.xcassets in Resources */,
				402FC736269AC5290059C690 /* list.png in Resources */,
				402FC745269AC5290059C690 /* Logo.png in Resources */,
				402FC73C269AC5290059C690 /* Profile-header.png in Resources */,
				402FC737269AC5290059C690 /* profile.png in Resources */,
				402FC735269AC5290059C690 /* home.png in Resources */,
				402FC75E269AD4990059C690 /* camlogo.png in Resources */,
				402FC74C269AC5290059C690 /* Login OR.png in Resources */,
				402FC72B269AC5290059C690 /* HomeProfile.png in Resources */,
				402FC729269AC5290059C690 /* HomeBottom.png in Resources */,
				402FC728269AC5290059C690 /* HomeTop.png in Resources */,
				402FC734269AC5290059C690 /* Rectangle 65.png in Resources */,
				402FC738269AC5290059C690 /* list1.png in Resources */,
				402FC740269AC5290059C690 /* 120.png in Resources */,
				402FC74F269AC5290059C690 /* LineTextField.png in Resources */,
				40AD80882698612500529979 /* Main.storyboard in Resources */,
				402FC72D269AC5290059C690 /* restoDetail.png in Resources */,
				402FC746269AC5290059C690 /* bgHistory.png in Resources */,
				402FC752269AC5290059C690 /* Rectangle 23-2.png in Resources */,
				402FC747269AC5290059C690 /* Btn-Green.png in Resources */,
			);
			runOnlyForDeploymentPostprocessing = 0;
		};
/* End PBXResourcesBuildPhase section */

/* Begin PBXShellScriptBuildPhase section */
		22D0BDB2346F5A6F689E2316 /* [CP] Embed Pods Frameworks */ = {
			isa = PBXShellScriptBuildPhase;
			buildActionMask = 2147483647;
			files = (
			);
			inputFileListPaths = (
				"${PODS_ROOT}/Target Support Files/Pods-Monday/Pods-Monday-frameworks-${CONFIGURATION}-input-files.xcfilelist",
			);
			name = "[CP] Embed Pods Frameworks";
			outputFileListPaths = (
				"${PODS_ROOT}/Target Support Files/Pods-Monday/Pods-Monday-frameworks-${CONFIGURATION}-output-files.xcfilelist",
			);
			runOnlyForDeploymentPostprocessing = 0;
			shellPath = /bin/sh;
			shellScript = "\"${PODS_ROOT}/Target Support Files/Pods-Monday/Pods-Monday-frameworks.sh\"\n";
			showEnvVarsInLog = 0;
		};
		24134C3BDE34B1409FD58D3A /* [CP] Copy Pods Resources */ = {
			isa = PBXShellScriptBuildPhase;
			buildActionMask = 2147483647;
			files = (
			);
			inputFileListPaths = (
				"${PODS_ROOT}/Target Support Files/Pods-Monday/Pods-Monday-resources-${CONFIGURATION}-input-files.xcfilelist",
			);
			name = "[CP] Copy Pods Resources";
			outputFileListPaths = (
				"${PODS_ROOT}/Target Support Files/Pods-Monday/Pods-Monday-resources-${CONFIGURATION}-output-files.xcfilelist",
			);
			runOnlyForDeploymentPostprocessing = 0;
			shellPath = /bin/sh;
			shellScript = "\"${PODS_ROOT}/Target Support Files/Pods-Monday/Pods-Monday-resources.sh\"\n";
			showEnvVarsInLog = 0;
		};
		C9281ED2220D13387AB99D76 /* [CP] Check Pods Manifest.lock */ = {
			isa = PBXShellScriptBuildPhase;
			buildActionMask = 2147483647;
			files = (
			);
			inputFileListPaths = (
			);
			inputPaths = (
				"${PODS_PODFILE_DIR_PATH}/Podfile.lock",
				"${PODS_ROOT}/Manifest.lock",
			);
			name = "[CP] Check Pods Manifest.lock";
			outputFileListPaths = (
			);
			outputPaths = (
				"$(DERIVED_FILE_DIR)/Pods-Monday-checkManifestLockResult.txt",
			);
			runOnlyForDeploymentPostprocessing = 0;
			shellPath = /bin/sh;
			shellScript = "diff \"${PODS_PODFILE_DIR_PATH}/Podfile.lock\" \"${PODS_ROOT}/Manifest.lock\" > /dev/null\nif [ $? != 0 ] ; then\n    # print error to STDERR\n    echo \"error: The sandbox is not in sync with the Podfile.lock. Run 'pod install' or update your CocoaPods installation.\" >&2\n    exit 1\nfi\n# This output is used by Xcode 'outputs' to avoid re-running this script phase.\necho \"SUCCESS\" > \"${SCRIPT_OUTPUT_FILE_0}\"\n";
			showEnvVarsInLog = 0;
		};
/* End PBXShellScriptBuildPhase section */

/* Begin PBXSourcesBuildPhase section */
		40AD80792698612500529979 /* Sources */ = {
			isa = PBXSourcesBuildPhase;
			buildActionMask = 2147483647;
			files = (
				402FC75C269AD1000059C690 /* SupportRestoViewController.swift in Sources */,
				402FC75A269AD0E60059C690 /* MapsViewController.swift in Sources */,
				40AD80F526987FC300529979 /* LoginViewController.swift in Sources */,
				40AD80852698612500529979 /* ViewController.swift in Sources */,
				40AD80812698612500529979 /* AppDelegate.swift in Sources */,
				40AD80832698612500529979 /* SceneDelegate.swift in Sources */,
				402FC758269AD0D30059C690 /* ScanQRViewController.swift in Sources */,
				4090844F269AE611000AD135 /* Maps3ViewController.swift in Sources */,
				4090844D269AE607000AD135 /* Maps2ViewController.swift in Sources */,
				402FC756269AD0C10059C690 /* ProfileViewController.swift in Sources */,
				40AD80F726987FE600529979 /* SignUpViewController.swift in Sources */,
				40AD81042698921900529979 /* HomeViewController.swift in Sources */,
			);
			runOnlyForDeploymentPostprocessing = 0;
		};
/* End PBXSourcesBuildPhase section */

/* Begin PBXVariantGroup section */
		40AD80862698612500529979 /* Main.storyboard */ = {
			isa = PBXVariantGroup;
			children = (
				40AD80872698612500529979 /* Base */,
			);
			name = Main.storyboard;
			sourceTree = "<group>";
		};
		40AD808E2698612600529979 /* LaunchScreen.storyboard */ = {
			isa = PBXVariantGroup;
			children = (
				40AD808F2698612600529979 /* Base */,
			);
			name = LaunchScreen.storyboard;
			sourceTree = "<group>";
		};
/* End PBXVariantGroup section */

/* Begin XCBuildConfiguration section */
		40AD80922698612600529979 /* Debug */ = {
			isa = XCBuildConfiguration;
			buildSettings = {
				ALWAYS_SEARCH_USER_PATHS = NO;
				CLANG_ANALYZER_NONNULL = YES;
				CLANG_ANALYZER_NUMBER_OBJECT_CONVERSION = YES_AGGRESSIVE;
				CLANG_CXX_LANGUAGE_STANDARD = "gnu++14";
				CLANG_CXX_LIBRARY = "libc++";
				CLANG_ENABLE_MODULES = YES;
				CLANG_ENABLE_OBJC_ARC = YES;
				CLANG_ENABLE_OBJC_WEAK = YES;
				CLANG_WARN_BLOCK_CAPTURE_AUTORELEASING = YES;
				CLANG_WARN_BOOL_CONVERSION = YES;
				CLANG_WARN_COMMA = YES;
				CLANG_WARN_CONSTANT_CONVERSION = YES;
				CLANG_WARN_DEPRECATED_OBJC_IMPLEMENTATIONS = YES;
				CLANG_WARN_DIRECT_OBJC_ISA_USAGE = YES_ERROR;
				CLANG_WARN_DOCUMENTATION_COMMENTS = YES;
				CLANG_WARN_EMPTY_BODY = YES;
				CLANG_WARN_ENUM_CONVERSION = YES;
				CLANG_WARN_INFINITE_RECURSION = YES;
				CLANG_WARN_INT_CONVERSION = YES;
				CLANG_WARN_NON_LITERAL_NULL_CONVERSION = YES;
				CLANG_WARN_OBJC_IMPLICIT_RETAIN_SELF = YES;
				CLANG_WARN_OBJC_LITERAL_CONVERSION = YES;
				CLANG_WARN_OBJC_ROOT_CLASS = YES_ERROR;
				CLANG_WARN_QUOTED_INCLUDE_IN_FRAMEWORK_HEADER = YES;
				CLANG_WARN_RANGE_LOOP_ANALYSIS = YES;
				CLANG_WARN_STRICT_PROTOTYPES = YES;
				CLANG_WARN_SUSPICIOUS_MOVE = YES;
				CLANG_WARN_UNGUARDED_AVAILABILITY = YES_AGGRESSIVE;
				CLANG_WARN_UNREACHABLE_CODE = YES;
				CLANG_WARN__DUPLICATE_METHOD_MATCH = YES;
				COPY_PHASE_STRIP = NO;
				DEBUG_INFORMATION_FORMAT = dwarf;
				ENABLE_STRICT_OBJC_MSGSEND = YES;
				ENABLE_TESTABILITY = YES;
				GCC_C_LANGUAGE_STANDARD = gnu11;
				GCC_DYNAMIC_NO_PIC = NO;
				GCC_NO_COMMON_BLOCKS = YES;
				GCC_OPTIMIZATION_LEVEL = 0;
				GCC_PREPROCESSOR_DEFINITIONS = (
					"DEBUG=1",
					"$(inherited)",
				);
				GCC_WARN_64_TO_32_BIT_CONVERSION = YES;
				GCC_WARN_ABOUT_RETURN_TYPE = YES_ERROR;
				GCC_WARN_UNDECLARED_SELECTOR = YES;
				GCC_WARN_UNINITIALIZED_AUTOS = YES_AGGRESSIVE;
				GCC_WARN_UNUSED_FUNCTION = YES;
				GCC_WARN_UNUSED_VARIABLE = YES;
				IPHONEOS_DEPLOYMENT_TARGET = 14.5;
				MTL_ENABLE_DEBUG_INFO = INCLUDE_SOURCE;
				MTL_FAST_MATH = YES;
				ONLY_ACTIVE_ARCH = YES;
				SDKROOT = iphoneos;
				SWIFT_ACTIVE_COMPILATION_CONDITIONS = DEBUG;
				SWIFT_OPTIMIZATION_LEVEL = "-Onone";
			};
			name = Debug;
		};
		40AD80932698612600529979 /* Release */ = {
			isa = XCBuildConfiguration;
			buildSettings = {
				ALWAYS_SEARCH_USER_PATHS = NO;
				CLANG_ANALYZER_NONNULL = YES;
				CLANG_ANALYZER_NUMBER_OBJECT_CONVERSION = YES_AGGRESSIVE;
				CLANG_CXX_LANGUAGE_STANDARD = "gnu++14";
				CLANG_CXX_LIBRARY = "libc++";
				CLANG_ENABLE_MODULES = YES;
				CLANG_ENABLE_OBJC_ARC = YES;
				CLANG_ENABLE_OBJC_WEAK = YES;
				CLANG_WARN_BLOCK_CAPTURE_AUTORELEASING = YES;
				CLANG_WARN_BOOL_CONVERSION = YES;
				CLANG_WARN_COMMA = YES;
				CLANG_WARN_CONSTANT_CONVERSION = YES;
				CLANG_WARN_DEPRECATED_OBJC_IMPLEMENTATIONS = YES;
				CLANG_WARN_DIRECT_OBJC_ISA_USAGE = YES_ERROR;
				CLANG_WARN_DOCUMENTATION_COMMENTS = YES;
				CLANG_WARN_EMPTY_BODY = YES;
				CLANG_WARN_ENUM_CONVERSION = YES;
				CLANG_WARN_INFINITE_RECURSION = YES;
				CLANG_WARN_INT_CONVERSION = YES;
				CLANG_WARN_NON_LITERAL_NULL_CONVERSION = YES;
				CLANG_WARN_OBJC_IMPLICIT_RETAIN_SELF = YES;
				CLANG_WARN_OBJC_LITERAL_CONVERSION = YES;
				CLANG_WARN_OBJC_ROOT_CLASS = YES_ERROR;
				CLANG_WARN_QUOTED_INCLUDE_IN_FRAMEWORK_HEADER = YES;
				CLANG_WARN_RANGE_LOOP_ANALYSIS = YES;
				CLANG_WARN_STRICT_PROTOTYPES = YES;
				CLANG_WARN_SUSPICIOUS_MOVE = YES;
				CLANG_WARN_UNGUARDED_AVAILABILITY = YES_AGGRESSIVE;
				CLANG_WARN_UNREACHABLE_CODE = YES;
				CLANG_WARN__DUPLICATE_METHOD_MATCH = YES;
				COPY_PHASE_STRIP = NO;
				DEBUG_INFORMATION_FORMAT = "dwarf-with-dsym";
				ENABLE_NS_ASSERTIONS = NO;
				ENABLE_STRICT_OBJC_MSGSEND = YES;
				GCC_C_LANGUAGE_STANDARD = gnu11;
				GCC_NO_COMMON_BLOCKS = YES;
				GCC_WARN_64_TO_32_BIT_CONVERSION = YES;
				GCC_WARN_ABOUT_RETURN_TYPE = YES_ERROR;
				GCC_WARN_UNDECLARED_SELECTOR = YES;
				GCC_WARN_UNINITIALIZED_AUTOS = YES_AGGRESSIVE;
				GCC_WARN_UNUSED_FUNCTION = YES;
				GCC_WARN_UNUSED_VARIABLE = YES;
				IPHONEOS_DEPLOYMENT_TARGET = 14.5;
				MTL_ENABLE_DEBUG_INFO = NO;
				MTL_FAST_MATH = YES;
				SDKROOT = iphoneos;
				SWIFT_COMPILATION_MODE = wholemodule;
				SWIFT_OPTIMIZATION_LEVEL = "-O";
				VALIDATE_PRODUCT = YES;
			};
			name = Release;
		};
		40AD80952698612600529979 /* Debug */ = {
			isa = XCBuildConfiguration;
			baseConfigurationReference = 037A6A416B8E3A7F4C9280EA /* Pods-Monday.debug.xcconfig */;
			buildSettings = {
				ASSETCATALOG_COMPILER_APPICON_NAME = AppIcon;
				ASSETCATALOG_COMPILER_GLOBAL_ACCENT_COLOR_NAME = AccentColor;
				CODE_SIGN_STYLE = Automatic;
				DEVELOPMENT_TEAM = 5GZXGAQ3YM;
				INFOPLIST_FILE = Monday/Info.plist;
				IPHONEOS_DEPLOYMENT_TARGET = 14.5;
				LD_RUNPATH_SEARCH_PATHS = (
					"$(inherited)",
					"@executable_path/Frameworks",
				);
				PRODUCT_BUNDLE_IDENTIFIER = com.AgusRiady.Monday;
				PRODUCT_NAME = "$(TARGET_NAME)";
				SWIFT_VERSION = 5.0;
				TARGETED_DEVICE_FAMILY = 1;
			};
			name = Debug;
		};
		40AD80962698612600529979 /* Release */ = {
			isa = XCBuildConfiguration;
			baseConfigurationReference = 75AFF8494D1D7D31FC658AF2 /* Pods-Monday.release.xcconfig */;
			buildSettings = {
				ASSETCATALOG_COMPILER_APPICON_NAME = AppIcon;
				ASSETCATALOG_COMPILER_GLOBAL_ACCENT_COLOR_NAME = AccentColor;
				CODE_SIGN_STYLE = Automatic;
				DEVELOPMENT_TEAM = 5GZXGAQ3YM;
				INFOPLIST_FILE = Monday/Info.plist;
				IPHONEOS_DEPLOYMENT_TARGET = 14.5;
				LD_RUNPATH_SEARCH_PATHS = (
					"$(inherited)",
					"@executable_path/Frameworks",
				);
				PRODUCT_BUNDLE_IDENTIFIER = com.AgusRiady.Monday;
				PRODUCT_NAME = "$(TARGET_NAME)";
				SWIFT_VERSION = 5.0;
				TARGETED_DEVICE_FAMILY = 1;
			};
			name = Release;
		};
/* End XCBuildConfiguration section */

/* Begin XCConfigurationList section */
		40AD80782698612500529979 /* Build configuration list for PBXProject "Monday" */ = {
			isa = XCConfigurationList;
			buildConfigurations = (
				40AD80922698612600529979 /* Debug */,
				40AD80932698612600529979 /* Release */,
			);
			defaultConfigurationIsVisible = 0;
			defaultConfigurationName = Release;
		};
		40AD80942698612600529979 /* Build configuration list for PBXNativeTarget "Monday" */ = {
			isa = XCConfigurationList;
			buildConfigurations = (
				40AD80952698612600529979 /* Debug */,
				40AD80962698612600529979 /* Release */,
			);
			defaultConfigurationIsVisible = 0;
			defaultConfigurationName = Release;
		};
/* End XCConfigurationList section */
	};
	rootObject = 40AD80752698612500529979 /* Project object */;
}
